github.com/vbsw/golib/bgproc v1.0.0 h1:aur5FiK/Ng4TBd+jG2TF7k1XhH5zcBmkR2gbgzWjZEw=
github.com/vbsw/golib/bgproc v1.0.0/go.mod h1:7G5k1LucEWreyw72tAvzsmBoisNFYFSAW/JuFzr+CpU=
github.com/vbsw/golib/osargs v1.0.0 h1:cTp5ErrdDymRopZTsEG1AZ6wt6jPjL5VgLwobIhC/HI=
github.com/vbsw/golib/osargs v1.0.0/go.mod h1:srWWEFAGR8t5Z+1kjPxBDim6xgTEHCTnGFS8M0C6mi8=
